<Solution>
  <Folder Name="/Tests/">
    <Project Path="Tests/GremlinQ.Core.Tests/GremlinQ.Core.Tests.csproj" />
    <Project Path="Tests/GremlinQ.Infrastructure.Tests/GremlinQ.Infrastructure.Tests.csproj" />
  </Folder>
  <Project Path="Src/GremlinQ.Core/GremlinQ.Core.csproj" />
  <Folder Name="/_Solution Items/">
    <File Path=".gitignore" />
  </Folder>
  <Folder Name="/_Solution Items/Claude/">
    <File Path=".claude/settings.json" />
    <File Path="CLAUDE.md" />
  </Folder>
  <Project Path="Src/GremlinQ.App/GremlinQ.App.csproj" />
  <Project Path="Src/GremlinQ.Infrastructure/GremlinQ.Infrastructure.csproj" />
</Solution>
